
Microsoft Visual Studio Solution File, Format Version 12.00
Project("{FAE04EC0-301F-11D3-BF4B-00C04F79EFBC}") = "CSharpEducation.Practice", "CSharpEducation.Practice\CSharpEducation.Practice.csproj", "{2377C568-E9BC-48BB-8CF2-63E25580CA3D}"
EndProject
Project("{2150E333-8FDC-42A3-9474-1A3956D46DE8}") = "Practice1", "Practice1", "{1F64683E-F076-4209-BC61-B11C03D879AB}"
EndProject
Project("{2150E333-8FDC-42A3-9474-1A3956D46DE8}") = "Practice2", "Practice2", "{454B3009-CC87-478E-8542-3288A3F45D8E}"
EndProject
Project("{2150E333-8FDC-42A3-9474-1A3956D46DE8}") = "Practice3", "Practice3", "{9F136EEC-983B-4490-9280-E3722E9F52EB}"
EndProject
Project("{FAE04EC0-301F-11D3-BF4B-00C04F79EFBC}") = "Practice2.Task1A", "Practice2.Task1A\Practice2.Task1A.csproj", "{BBF06876-BBF8-4115-A47E-41C359B06338}"
EndProject
Project("{FAE04EC0-301F-11D3-BF4B-00C04F79EFBC}") = "Practice2.Task1B", "Practice2.Task1B\Practice2.Task1B.csproj", "{4F63ED10-60A2-493A-9E7E-11238F544651}"
EndProject
Project("{FAE04EC0-301F-11D3-BF4B-00C04F79EFBC}") = "Practice2.Task1C", "Practice2.Task1C\Practice2.Task1C.csproj", "{1AB8F9CE-7CEC-4721-A49B-DA5697F69503}"
EndProject
Project("{FAE04EC0-301F-11D3-BF4B-00C04F79EFBC}") = "Practice2.Task1D", "Practice2.Task1D\Practice2.Task1D.csproj", "{49650BBE-2EF0-4572-94DA-68FDF3C280B6}"
EndProject
Project("{FAE04EC0-301F-11D3-BF4B-00C04F79EFBC}") = "Practice2.Task1E", "Practice2.Task1E\Practice2.Task1E.csproj", "{A79705A0-5BC6-4E4E-B0B2-12FCAA826626}"
EndProject
Project("{FAE04EC0-301F-11D3-BF4B-00C04F79EFBC}") = "Practice2.Task2A", "Practice2.Task2A\Practice2.Task2A.csproj", "{2F1655B4-7194-42CF-AE44-C75F1FD2B553}"
EndProject
Project("{FAE04EC0-301F-11D3-BF4B-00C04F79EFBC}") = "Practice2.Task2B", "Practice2.Task2B\Practice2.Task2B.csproj", "{5A5151D0-CE4F-461D-AB5C-8F5FAAFDA622}"
EndProject
Project("{FAE04EC0-301F-11D3-BF4B-00C04F79EFBC}") = "Practice2.Task2C", "Practice2.Task2C\Practice2.Task2C.csproj", "{6063977B-3A78-4951-90C6-1C08D0380F2A}"
EndProject
Project("{FAE04EC0-301F-11D3-BF4B-00C04F79EFBC}") = "Practice2.Task2D", "Practice2.Task2D\Practice2.Task2D.csproj", "{7A8A0CB4-11CC-4748-81C9-5DCD8CD4ED65}"
EndProject
Project("{FAE04EC0-301F-11D3-BF4B-00C04F79EFBC}") = "Practice2.Task3", "Practice2.Task3\Practice2.Task3.csproj", "{8C2A4D7B-4FC2-445A-8526-FBC85D6814B3}"
EndProject
Project("{FAE04EC0-301F-11D3-BF4B-00C04F79EFBC}") = "Practice2.Task4A", "Practice2.Task4A\Practice2.Task4A.csproj", "{5FD80D82-501E-476E-8807-B8BBED71E247}"
EndProject
Project("{FAE04EC0-301F-11D3-BF4B-00C04F79EFBC}") = "Practice2.Task5", "Practice2.Task5\Practice2.Task5.csproj", "{D71BD0CA-FE7B-4A08-99E7-9848538A37D3}"
EndProject
Project("{FAE04EC0-301F-11D3-BF4B-00C04F79EFBC}") = "Practice2.Task6A", "Practice2.Task6A\Practice2.Task6A.csproj", "{55B08427-9EB1-4E6A-8E83-4E13B6E2E497}"
EndProject
Project("{FAE04EC0-301F-11D3-BF4B-00C04F79EFBC}") = "Practice2.Task1F", "Practice2.Task1F\Practice2.Task1F.csproj", "{2885E3AA-6E6D-4AC4-B4E8-5F5D5B71A796}"
EndProject
Project("{FAE04EC0-301F-11D3-BF4B-00C04F79EFBC}") = "Practice2.Task4B", "Practice2.Task4B\Practice2.Task4B.csproj", "{8B61FF58-1219-42A3-AF0B-07D7E03724D6}"
EndProject
Project("{FAE04EC0-301F-11D3-BF4B-00C04F79EFBC}") = "Practice2.Task4C", "Practice2.Task4C\Practice2.Task4C.csproj", "{F15CF86E-8924-46AE-8127-0916206BE796}"
EndProject
Project("{FAE04EC0-301F-11D3-BF4B-00C04F79EFBC}") = "Practice2.Task6B", "Practice2.Task6B\Practice2.Task6B.csproj", "{AC3F30BA-5C94-49EA-A0BA-5CA0D5900C14}"
EndProject
Project("{FAE04EC0-301F-11D3-BF4B-00C04F79EFBC}") = "Practice2.Task6C", "Practice2.Task6C\Practice2.Task6C.csproj", "{834A00B5-6ED1-44BE-ABC7-4F6D85E96CC5}"
EndProject
Project("{FAE04EC0-301F-11D3-BF4B-00C04F79EFBC}") = "Practice2.Task7A", "Practice2.Task7A\Practice2.Task7A.csproj", "{07B8B3F2-D77D-4A4D-A6C3-33E442C2EAA5}"
EndProject
Project("{FAE04EC0-301F-11D3-BF4B-00C04F79EFBC}") = "Practice2.Task7B", "Practice2.Task7B\Practice2.Task7B.csproj", "{02489C85-01D1-4C90-A41B-6F1FCA08E4F0}"
EndProject
Project("{FAE04EC0-301F-11D3-BF4B-00C04F79EFBC}") = "Practice2.Task7C", "Practice2.Task7C\Practice2.Task7C.csproj", "{98E15674-E8BB-4732-BA84-4C8D440FF28D}"
EndProject
Project("{FAE04EC0-301F-11D3-BF4B-00C04F79EFBC}") = "Practice2.Task8", "Practice2.Task8\Practice2.Task8.csproj", "{3D5F8583-2FF6-4A74-9E36-80630C978E1D}"
EndProject
Project("{FAE04EC0-301F-11D3-BF4B-00C04F79EFBC}") = "Practice2.Task9", "Practice2.Task9\Practice2.Task9.csproj", "{C801AA46-41E0-4A51-886B-351F6AEBE57C}"
EndProject
Project("{FAE04EC0-301F-11D3-BF4B-00C04F79EFBC}") = "Practice2.Task10", "Practice2.Task10\Practice2.Task10.csproj", "{4E0EAC64-EEA2-41A2-AEAB-7AB00624EC61}"
EndProject
Project("{FAE04EC0-301F-11D3-BF4B-00C04F79EFBC}") = "Practice2.Task11", "Practice2.Task11\Practice2.Task11.csproj", "{7B44296C-E8C2-47BA-B6CC-50F48C0903BF}"
EndProject
Project("{FAE04EC0-301F-11D3-BF4B-00C04F79EFBC}") = "Practice2.Task12", "Practice2.Task12\Practice2.Task12.csproj", "{9951445F-F1C0-46A3-B370-B6899498D8C6}"
EndProject
Project("{FAE04EC0-301F-11D3-BF4B-00C04F79EFBC}") = "Practice2.Task13", "Practice2.Task13\Practice2.Task13.csproj", "{50C9A362-1F6A-4328-8DFD-124B720B6773}"
EndProject
Project("{FAE04EC0-301F-11D3-BF4B-00C04F79EFBC}") = "Practice2.Task14", "Practice2.Task14\Practice2.Task14.csproj", "{9A3B0F12-E874-4909-B8C0-68F08FDA818F}"
EndProject
Project("{FAE04EC0-301F-11D3-BF4B-00C04F79EFBC}") = "Practice2.Task15", "Practice2.Task15\Practice2.Task15.csproj", "{0F0E68DB-E090-4800-B497-FA57F1A4F438}"
EndProject
Project("{FAE04EC0-301F-11D3-BF4B-00C04F79EFBC}") = "Practice2.Task16", "Practice2.Task16\Practice2.Task16.csproj", "{747BDA6A-06A0-4DBD-9B3F-64A416D763C8}"
EndProject
Project("{FAE04EC0-301F-11D3-BF4B-00C04F79EFBC}") = "Practice2.Task17", "Practice2.Task17\Practice2.Task17.csproj", "{AFDE4F4B-7E3A-4F3F-9447-15735DFD8816}"
EndProject
Project("{FAE04EC0-301F-11D3-BF4B-00C04F79EFBC}") = "Practice2.Task18", "Practice2.Task18\Practice2.Task18.csproj", "{D99E66C0-666B-41E1-AC77-51BAA00213CD}"
EndProject
Project("{FAE04EC0-301F-11D3-BF4B-00C04F79EFBC}") = "Practice2.Task19", "Practice2.Task19\Practice2.Task19.csproj", "{EA5AD9FB-2F6C-430C-B1B9-8A1FD5A4264D}"
EndProject
Project("{FAE04EC0-301F-11D3-BF4B-00C04F79EFBC}") = "Practice2.Task20", "Practice2.Task20\Practice2.Task20.csproj", "{AFB6DF5A-2B33-4274-B349-8E5FC0D5CA96}"
EndProject
Project("{FAE04EC0-301F-11D3-BF4B-00C04F79EFBC}") = "Practice2.Task21", "Practice2.Task21\Practice2.Task21.csproj", "{7DD90455-77DB-4BF7-8FD4-AA75463E5EA3}"
EndProject
Project("{FAE04EC0-301F-11D3-BF4B-00C04F79EFBC}") = "Practice2.Task22A", "Practice2.Task22A\Practice2.Task22A.csproj", "{A651F473-DDDE-4433-889A-55EA3C3B25E3}"
EndProject
Project("{FAE04EC0-301F-11D3-BF4B-00C04F79EFBC}") = "Practice2.Task22B", "Practice2.Task22B\Practice2.Task22B.csproj", "{73B3E927-672B-477D-A949-A812471446F0}"
EndProject
Project("{FAE04EC0-301F-11D3-BF4B-00C04F79EFBC}") = "Practice2.Task23", "Practice2.Task23\Practice2.Task23.csproj", "{58803A75-ED89-4EE1-A4B3-CBFBC218B01F}"
EndProject
Project("{FAE04EC0-301F-11D3-BF4B-00C04F79EFBC}") = "Practice2.Task24", "Practice2.Task24\Practice2.Task24.csproj", "{7101EE04-201F-49D6-AD2B-0B7F8CD51ED8}"
EndProject
Project("{FAE04EC0-301F-11D3-BF4B-00C04F79EFBC}") = "Practice2.Task25", "Practice2.Task25\Practice2.Task25.csproj", "{42E51666-8991-454F-B0E0-85BE92A9BE89}"
EndProject
Project("{FAE04EC0-301F-11D3-BF4B-00C04F79EFBC}") = "Practice1.Task1A", "Practice1.Task1A\Practice1.Task1A.csproj", "{B760E193-6D06-4E65-A49B-419A74A1D276}"
EndProject
Project("{FAE04EC0-301F-11D3-BF4B-00C04F79EFBC}") = "Practice1.Task1B", "Practice1.Task1B\Practice1.Task1B.csproj", "{D892C7BF-36A8-45A4-B5D0-AF07C45BD1B5}"
EndProject
Project("{FAE04EC0-301F-11D3-BF4B-00C04F79EFBC}") = "Practice1.Task1C", "Practice1.Task1C\Practice1.Task1C.csproj", "{77382DCA-4E72-49C4-B020-FD6C2B8BF256}"
EndProject
Project("{FAE04EC0-301F-11D3-BF4B-00C04F79EFBC}") = "Practice1.Task1D", "Practice1.Task1D\Practice1.Task1D.csproj", "{A42DF282-D83D-457F-B9BF-13AE643EE930}"
EndProject
Project("{FAE04EC0-301F-11D3-BF4B-00C04F79EFBC}") = "Practice1.Task1E", "Practice1.Task1E\Practice1.Task1E.csproj", "{E1D2B688-EA41-475C-8F85-C21B2A34F9F0}"
EndProject
Project("{FAE04EC0-301F-11D3-BF4B-00C04F79EFBC}") = "Practice1.Task2A", "Practice1.Task2A\Practice1.Task2A.csproj", "{865AA925-34B8-48E7-9D5E-9731D1041104}"
EndProject
Project("{FAE04EC0-301F-11D3-BF4B-00C04F79EFBC}") = "Practice1.Task2B", "Practice1.Task2B\Practice1.Task2B.csproj", "{2F6AC379-281B-4477-9D01-1A2903785400}"
EndProject
Project("{FAE04EC0-301F-11D3-BF4B-00C04F79EFBC}") = "Practice1.Task2C", "Practice1.Task2C\Practice1.Task2C.csproj", "{78CD6646-82EA-4A44-9EBF-AFBD163E3A7A}"
EndProject
Project("{FAE04EC0-301F-11D3-BF4B-00C04F79EFBC}") = "Practice1.Task2D", "Practice1.Task2D\Practice1.Task2D.csproj", "{B94A7111-9C75-464A-ACBC-B3AE5A9EE2A5}"
EndProject
Project("{FAE04EC0-301F-11D3-BF4B-00C04F79EFBC}") = "Practice1.Task3", "Practice1.Task3\Practice1.Task3.csproj", "{B50171D4-2391-4634-B41A-2A1EFF1A387D}"
EndProject
Project("{FAE04EC0-301F-11D3-BF4B-00C04F79EFBC}") = "Practice1.Task4", "Practice1.Task4\Practice1.Task4.csproj", "{3822C09E-F4E7-49F3-B78F-44D95AFF3E9D}"
EndProject
Project("{FAE04EC0-301F-11D3-BF4B-00C04F79EFBC}") = "Practice1.Task5", "Practice1.Task5\Practice1.Task5.csproj", "{EC1053F0-217B-4FDA-B0E6-008F40B1F764}"
EndProject
Project("{FAE04EC0-301F-11D3-BF4B-00C04F79EFBC}") = "Practice1.Task6A", "Practice1.Task6A\Practice1.Task6A.csproj", "{7E300C31-3466-4072-9977-3852E227E52A}"
EndProject
Project("{FAE04EC0-301F-11D3-BF4B-00C04F79EFBC}") = "Practice1.Task6B", "Practice1.Task6B\Practice1.Task6B.csproj", "{641FA5CA-6274-4900-9F13-95F5110B4552}"
EndProject
Global
	GlobalSection(SolutionConfigurationPlatforms) = preSolution
		Debug|Any CPU = Debug|Any CPU
		Release|Any CPU = Release|Any CPU
	EndGlobalSection
	GlobalSection(ProjectConfigurationPlatforms) = postSolution
		{2377C568-E9BC-48BB-8CF2-63E25580CA3D}.Debug|Any CPU.ActiveCfg = Debug|Any CPU
		{2377C568-E9BC-48BB-8CF2-63E25580CA3D}.Debug|Any CPU.Build.0 = Debug|Any CPU
		{2377C568-E9BC-48BB-8CF2-63E25580CA3D}.Release|Any CPU.ActiveCfg = Release|Any CPU
		{2377C568-E9BC-48BB-8CF2-63E25580CA3D}.Release|Any CPU.Build.0 = Release|Any CPU
		{BBF06876-BBF8-4115-A47E-41C359B06338}.Debug|Any CPU.ActiveCfg = Debug|Any CPU
		{BBF06876-BBF8-4115-A47E-41C359B06338}.Debug|Any CPU.Build.0 = Debug|Any CPU
		{BBF06876-BBF8-4115-A47E-41C359B06338}.Release|Any CPU.ActiveCfg = Release|Any CPU
		{BBF06876-BBF8-4115-A47E-41C359B06338}.Release|Any CPU.Build.0 = Release|Any CPU
		{4F63ED10-60A2-493A-9E7E-11238F544651}.Debug|Any CPU.ActiveCfg = Debug|Any CPU
		{4F63ED10-60A2-493A-9E7E-11238F544651}.Debug|Any CPU.Build.0 = Debug|Any CPU
		{4F63ED10-60A2-493A-9E7E-11238F544651}.Release|Any CPU.ActiveCfg = Release|Any CPU
		{4F63ED10-60A2-493A-9E7E-11238F544651}.Release|Any CPU.Build.0 = Release|Any CPU
		{1AB8F9CE-7CEC-4721-A49B-DA5697F69503}.Debug|Any CPU.ActiveCfg = Debug|Any CPU
		{1AB8F9CE-7CEC-4721-A49B-DA5697F69503}.Debug|Any CPU.Build.0 = Debug|Any CPU
		{1AB8F9CE-7CEC-4721-A49B-DA5697F69503}.Release|Any CPU.ActiveCfg = Release|Any CPU
		{1AB8F9CE-7CEC-4721-A49B-DA5697F69503}.Release|Any CPU.Build.0 = Release|Any CPU
		{49650BBE-2EF0-4572-94DA-68FDF3C280B6}.Debug|Any CPU.ActiveCfg = Debug|Any CPU
		{49650BBE-2EF0-4572-94DA-68FDF3C280B6}.Debug|Any CPU.Build.0 = Debug|Any CPU
		{49650BBE-2EF0-4572-94DA-68FDF3C280B6}.Release|Any CPU.ActiveCfg = Release|Any CPU
		{49650BBE-2EF0-4572-94DA-68FDF3C280B6}.Release|Any CPU.Build.0 = Release|Any CPU
		{A79705A0-5BC6-4E4E-B0B2-12FCAA826626}.Debug|Any CPU.ActiveCfg = Debug|Any CPU
		{A79705A0-5BC6-4E4E-B0B2-12FCAA826626}.Debug|Any CPU.Build.0 = Debug|Any CPU
		{A79705A0-5BC6-4E4E-B0B2-12FCAA826626}.Release|Any CPU.ActiveCfg = Release|Any CPU
		{A79705A0-5BC6-4E4E-B0B2-12FCAA826626}.Release|Any CPU.Build.0 = Release|Any CPU
		{2F1655B4-7194-42CF-AE44-C75F1FD2B553}.Debug|Any CPU.ActiveCfg = Debug|Any CPU
		{2F1655B4-7194-42CF-AE44-C75F1FD2B553}.Debug|Any CPU.Build.0 = Debug|Any CPU
		{2F1655B4-7194-42CF-AE44-C75F1FD2B553}.Release|Any CPU.ActiveCfg = Release|Any CPU
		{2F1655B4-7194-42CF-AE44-C75F1FD2B553}.Release|Any CPU.Build.0 = Release|Any CPU
		{5A5151D0-CE4F-461D-AB5C-8F5FAAFDA622}.Debug|Any CPU.ActiveCfg = Debug|Any CPU
		{5A5151D0-CE4F-461D-AB5C-8F5FAAFDA622}.Debug|Any CPU.Build.0 = Debug|Any CPU
		{5A5151D0-CE4F-461D-AB5C-8F5FAAFDA622}.Release|Any CPU.ActiveCfg = Release|Any CPU
		{5A5151D0-CE4F-461D-AB5C-8F5FAAFDA622}.Release|Any CPU.Build.0 = Release|Any CPU
		{6063977B-3A78-4951-90C6-1C08D0380F2A}.Debug|Any CPU.ActiveCfg = Debug|Any CPU
		{6063977B-3A78-4951-90C6-1C08D0380F2A}.Debug|Any CPU.Build.0 = Debug|Any CPU
		{6063977B-3A78-4951-90C6-1C08D0380F2A}.Release|Any CPU.ActiveCfg = Release|Any CPU
		{6063977B-3A78-4951-90C6-1C08D0380F2A}.Release|Any CPU.Build.0 = Release|Any CPU
		{7A8A0CB4-11CC-4748-81C9-5DCD8CD4ED65}.Debug|Any CPU.ActiveCfg = Debug|Any CPU
		{7A8A0CB4-11CC-4748-81C9-5DCD8CD4ED65}.Debug|Any CPU.Build.0 = Debug|Any CPU
		{7A8A0CB4-11CC-4748-81C9-5DCD8CD4ED65}.Release|Any CPU.ActiveCfg = Release|Any CPU
		{7A8A0CB4-11CC-4748-81C9-5DCD8CD4ED65}.Release|Any CPU.Build.0 = Release|Any CPU
		{8C2A4D7B-4FC2-445A-8526-FBC85D6814B3}.Debug|Any CPU.ActiveCfg = Debug|Any CPU
		{8C2A4D7B-4FC2-445A-8526-FBC85D6814B3}.Debug|Any CPU.Build.0 = Debug|Any CPU
		{8C2A4D7B-4FC2-445A-8526-FBC85D6814B3}.Release|Any CPU.ActiveCfg = Release|Any CPU
		{8C2A4D7B-4FC2-445A-8526-FBC85D6814B3}.Release|Any CPU.Build.0 = Release|Any CPU
		{5FD80D82-501E-476E-8807-B8BBED71E247}.Debug|Any CPU.ActiveCfg = Debug|Any CPU
		{5FD80D82-501E-476E-8807-B8BBED71E247}.Debug|Any CPU.Build.0 = Debug|Any CPU
		{5FD80D82-501E-476E-8807-B8BBED71E247}.Release|Any CPU.ActiveCfg = Release|Any CPU
		{5FD80D82-501E-476E-8807-B8BBED71E247}.Release|Any CPU.Build.0 = Release|Any CPU
		{D71BD0CA-FE7B-4A08-99E7-9848538A37D3}.Debug|Any CPU.ActiveCfg = Debug|Any CPU
		{D71BD0CA-FE7B-4A08-99E7-9848538A37D3}.Debug|Any CPU.Build.0 = Debug|Any CPU
		{D71BD0CA-FE7B-4A08-99E7-9848538A37D3}.Release|Any CPU.ActiveCfg = Release|Any CPU
		{D71BD0CA-FE7B-4A08-99E7-9848538A37D3}.Release|Any CPU.Build.0 = Release|Any CPU
		{55B08427-9EB1-4E6A-8E83-4E13B6E2E497}.Debug|Any CPU.ActiveCfg = Debug|Any CPU
		{55B08427-9EB1-4E6A-8E83-4E13B6E2E497}.Debug|Any CPU.Build.0 = Debug|Any CPU
		{55B08427-9EB1-4E6A-8E83-4E13B6E2E497}.Release|Any CPU.ActiveCfg = Release|Any CPU
		{55B08427-9EB1-4E6A-8E83-4E13B6E2E497}.Release|Any CPU.Build.0 = Release|Any CPU
		{2885E3AA-6E6D-4AC4-B4E8-5F5D5B71A796}.Debug|Any CPU.ActiveCfg = Debug|Any CPU
		{2885E3AA-6E6D-4AC4-B4E8-5F5D5B71A796}.Debug|Any CPU.Build.0 = Debug|Any CPU
		{2885E3AA-6E6D-4AC4-B4E8-5F5D5B71A796}.Release|Any CPU.ActiveCfg = Release|Any CPU
		{2885E3AA-6E6D-4AC4-B4E8-5F5D5B71A796}.Release|Any CPU.Build.0 = Release|Any CPU
		{8B61FF58-1219-42A3-AF0B-07D7E03724D6}.Debug|Any CPU.ActiveCfg = Debug|Any CPU
		{8B61FF58-1219-42A3-AF0B-07D7E03724D6}.Debug|Any CPU.Build.0 = Debug|Any CPU
		{8B61FF58-1219-42A3-AF0B-07D7E03724D6}.Release|Any CPU.ActiveCfg = Release|Any CPU
		{8B61FF58-1219-42A3-AF0B-07D7E03724D6}.Release|Any CPU.Build.0 = Release|Any CPU
		{F15CF86E-8924-46AE-8127-0916206BE796}.Debug|Any CPU.ActiveCfg = Debug|Any CPU
		{F15CF86E-8924-46AE-8127-0916206BE796}.Debug|Any CPU.Build.0 = Debug|Any CPU
		{F15CF86E-8924-46AE-8127-0916206BE796}.Release|Any CPU.ActiveCfg = Release|Any CPU
		{F15CF86E-8924-46AE-8127-0916206BE796}.Release|Any CPU.Build.0 = Release|Any CPU
		{AC3F30BA-5C94-49EA-A0BA-5CA0D5900C14}.Debug|Any CPU.ActiveCfg = Debug|Any CPU
		{AC3F30BA-5C94-49EA-A0BA-5CA0D5900C14}.Debug|Any CPU.Build.0 = Debug|Any CPU
		{AC3F30BA-5C94-49EA-A0BA-5CA0D5900C14}.Release|Any CPU.ActiveCfg = Release|Any CPU
		{AC3F30BA-5C94-49EA-A0BA-5CA0D5900C14}.Release|Any CPU.Build.0 = Release|Any CPU
		{834A00B5-6ED1-44BE-ABC7-4F6D85E96CC5}.Debug|Any CPU.ActiveCfg = Debug|Any CPU
		{834A00B5-6ED1-44BE-ABC7-4F6D85E96CC5}.Debug|Any CPU.Build.0 = Debug|Any CPU
		{834A00B5-6ED1-44BE-ABC7-4F6D85E96CC5}.Release|Any CPU.ActiveCfg = Release|Any CPU
		{834A00B5-6ED1-44BE-ABC7-4F6D85E96CC5}.Release|Any CPU.Build.0 = Release|Any CPU
		{07B8B3F2-D77D-4A4D-A6C3-33E442C2EAA5}.Debug|Any CPU.ActiveCfg = Debug|Any CPU
		{07B8B3F2-D77D-4A4D-A6C3-33E442C2EAA5}.Debug|Any CPU.Build.0 = Debug|Any CPU
		{07B8B3F2-D77D-4A4D-A6C3-33E442C2EAA5}.Release|Any CPU.ActiveCfg = Release|Any CPU
		{07B8B3F2-D77D-4A4D-A6C3-33E442C2EAA5}.Release|Any CPU.Build.0 = Release|Any CPU
		{02489C85-01D1-4C90-A41B-6F1FCA08E4F0}.Debug|Any CPU.ActiveCfg = Debug|Any CPU
		{02489C85-01D1-4C90-A41B-6F1FCA08E4F0}.Debug|Any CPU.Build.0 = Debug|Any CPU
		{02489C85-01D1-4C90-A41B-6F1FCA08E4F0}.Release|Any CPU.ActiveCfg = Release|Any CPU
		{02489C85-01D1-4C90-A41B-6F1FCA08E4F0}.Release|Any CPU.Build.0 = Release|Any CPU
		{98E15674-E8BB-4732-BA84-4C8D440FF28D}.Debug|Any CPU.ActiveCfg = Debug|Any CPU
		{98E15674-E8BB-4732-BA84-4C8D440FF28D}.Debug|Any CPU.Build.0 = Debug|Any CPU
		{98E15674-E8BB-4732-BA84-4C8D440FF28D}.Release|Any CPU.ActiveCfg = Release|Any CPU
		{98E15674-E8BB-4732-BA84-4C8D440FF28D}.Release|Any CPU.Build.0 = Release|Any CPU
		{3D5F8583-2FF6-4A74-9E36-80630C978E1D}.Debug|Any CPU.ActiveCfg = Debug|Any CPU
		{3D5F8583-2FF6-4A74-9E36-80630C978E1D}.Debug|Any CPU.Build.0 = Debug|Any CPU
		{3D5F8583-2FF6-4A74-9E36-80630C978E1D}.Release|Any CPU.ActiveCfg = Release|Any CPU
		{3D5F8583-2FF6-4A74-9E36-80630C978E1D}.Release|Any CPU.Build.0 = Release|Any CPU
		{C801AA46-41E0-4A51-886B-351F6AEBE57C}.Debug|Any CPU.ActiveCfg = Debug|Any CPU
		{C801AA46-41E0-4A51-886B-351F6AEBE57C}.Debug|Any CPU.Build.0 = Debug|Any CPU
		{C801AA46-41E0-4A51-886B-351F6AEBE57C}.Release|Any CPU.ActiveCfg = Release|Any CPU
		{C801AA46-41E0-4A51-886B-351F6AEBE57C}.Release|Any CPU.Build.0 = Release|Any CPU
		{4E0EAC64-EEA2-41A2-AEAB-7AB00624EC61}.Debug|Any CPU.ActiveCfg = Debug|Any CPU
		{4E0EAC64-EEA2-41A2-AEAB-7AB00624EC61}.Debug|Any CPU.Build.0 = Debug|Any CPU
		{4E0EAC64-EEA2-41A2-AEAB-7AB00624EC61}.Release|Any CPU.ActiveCfg = Release|Any CPU
		{4E0EAC64-EEA2-41A2-AEAB-7AB00624EC61}.Release|Any CPU.Build.0 = Release|Any CPU
		{7B44296C-E8C2-47BA-B6CC-50F48C0903BF}.Debug|Any CPU.ActiveCfg = Debug|Any CPU
		{7B44296C-E8C2-47BA-B6CC-50F48C0903BF}.Debug|Any CPU.Build.0 = Debug|Any CPU
		{7B44296C-E8C2-47BA-B6CC-50F48C0903BF}.Release|Any CPU.ActiveCfg = Release|Any CPU
		{7B44296C-E8C2-47BA-B6CC-50F48C0903BF}.Release|Any CPU.Build.0 = Release|Any CPU
		{9951445F-F1C0-46A3-B370-B6899498D8C6}.Debug|Any CPU.ActiveCfg = Debug|Any CPU
		{9951445F-F1C0-46A3-B370-B6899498D8C6}.Debug|Any CPU.Build.0 = Debug|Any CPU
		{9951445F-F1C0-46A3-B370-B6899498D8C6}.Release|Any CPU.ActiveCfg = Release|Any CPU
		{9951445F-F1C0-46A3-B370-B6899498D8C6}.Release|Any CPU.Build.0 = Release|Any CPU
		{50C9A362-1F6A-4328-8DFD-124B720B6773}.Debug|Any CPU.ActiveCfg = Debug|Any CPU
		{50C9A362-1F6A-4328-8DFD-124B720B6773}.Debug|Any CPU.Build.0 = Debug|Any CPU
		{50C9A362-1F6A-4328-8DFD-124B720B6773}.Release|Any CPU.ActiveCfg = Release|Any CPU
		{50C9A362-1F6A-4328-8DFD-124B720B6773}.Release|Any CPU.Build.0 = Release|Any CPU
		{9A3B0F12-E874-4909-B8C0-68F08FDA818F}.Debug|Any CPU.ActiveCfg = Debug|Any CPU
		{9A3B0F12-E874-4909-B8C0-68F08FDA818F}.Debug|Any CPU.Build.0 = Debug|Any CPU
		{9A3B0F12-E874-4909-B8C0-68F08FDA818F}.Release|Any CPU.ActiveCfg = Release|Any CPU
		{9A3B0F12-E874-4909-B8C0-68F08FDA818F}.Release|Any CPU.Build.0 = Release|Any CPU
		{0F0E68DB-E090-4800-B497-FA57F1A4F438}.Debug|Any CPU.ActiveCfg = Debug|Any CPU
		{0F0E68DB-E090-4800-B497-FA57F1A4F438}.Debug|Any CPU.Build.0 = Debug|Any CPU
		{0F0E68DB-E090-4800-B497-FA57F1A4F438}.Release|Any CPU.ActiveCfg = Release|Any CPU
		{0F0E68DB-E090-4800-B497-FA57F1A4F438}.Release|Any CPU.Build.0 = Release|Any CPU
		{747BDA6A-06A0-4DBD-9B3F-64A416D763C8}.Debug|Any CPU.ActiveCfg = Debug|Any CPU
		{747BDA6A-06A0-4DBD-9B3F-64A416D763C8}.Debug|Any CPU.Build.0 = Debug|Any CPU
		{747BDA6A-06A0-4DBD-9B3F-64A416D763C8}.Release|Any CPU.ActiveCfg = Release|Any CPU
		{747BDA6A-06A0-4DBD-9B3F-64A416D763C8}.Release|Any CPU.Build.0 = Release|Any CPU
		{AFDE4F4B-7E3A-4F3F-9447-15735DFD8816}.Debug|Any CPU.ActiveCfg = Debug|Any CPU
		{AFDE4F4B-7E3A-4F3F-9447-15735DFD8816}.Debug|Any CPU.Build.0 = Debug|Any CPU
		{AFDE4F4B-7E3A-4F3F-9447-15735DFD8816}.Release|Any CPU.ActiveCfg = Release|Any CPU
		{AFDE4F4B-7E3A-4F3F-9447-15735DFD8816}.Release|Any CPU.Build.0 = Release|Any CPU
		{D99E66C0-666B-41E1-AC77-51BAA00213CD}.Debug|Any CPU.ActiveCfg = Debug|Any CPU
		{D99E66C0-666B-41E1-AC77-51BAA00213CD}.Debug|Any CPU.Build.0 = Debug|Any CPU
		{D99E66C0-666B-41E1-AC77-51BAA00213CD}.Release|Any CPU.ActiveCfg = Release|Any CPU
		{D99E66C0-666B-41E1-AC77-51BAA00213CD}.Release|Any CPU.Build.0 = Release|Any CPU
		{EA5AD9FB-2F6C-430C-B1B9-8A1FD5A4264D}.Debug|Any CPU.ActiveCfg = Debug|Any CPU
		{EA5AD9FB-2F6C-430C-B1B9-8A1FD5A4264D}.Debug|Any CPU.Build.0 = Debug|Any CPU
		{EA5AD9FB-2F6C-430C-B1B9-8A1FD5A4264D}.Release|Any CPU.ActiveCfg = Release|Any CPU
		{EA5AD9FB-2F6C-430C-B1B9-8A1FD5A4264D}.Release|Any CPU.Build.0 = Release|Any CPU
		{AFB6DF5A-2B33-4274-B349-8E5FC0D5CA96}.Debug|Any CPU.ActiveCfg = Debug|Any CPU
		{AFB6DF5A-2B33-4274-B349-8E5FC0D5CA96}.Debug|Any CPU.Build.0 = Debug|Any CPU
		{AFB6DF5A-2B33-4274-B349-8E5FC0D5CA96}.Release|Any CPU.ActiveCfg = Release|Any CPU
		{AFB6DF5A-2B33-4274-B349-8E5FC0D5CA96}.Release|Any CPU.Build.0 = Release|Any CPU
		{7DD90455-77DB-4BF7-8FD4-AA75463E5EA3}.Debug|Any CPU.ActiveCfg = Debug|Any CPU
		{7DD90455-77DB-4BF7-8FD4-AA75463E5EA3}.Debug|Any CPU.Build.0 = Debug|Any CPU
		{7DD90455-77DB-4BF7-8FD4-AA75463E5EA3}.Release|Any CPU.ActiveCfg = Release|Any CPU
		{7DD90455-77DB-4BF7-8FD4-AA75463E5EA3}.Release|Any CPU.Build.0 = Release|Any CPU
		{A651F473-DDDE-4433-889A-55EA3C3B25E3}.Debug|Any CPU.ActiveCfg = Debug|Any CPU
		{A651F473-DDDE-4433-889A-55EA3C3B25E3}.Debug|Any CPU.Build.0 = Debug|Any CPU
		{A651F473-DDDE-4433-889A-55EA3C3B25E3}.Release|Any CPU.ActiveCfg = Release|Any CPU
		{A651F473-DDDE-4433-889A-55EA3C3B25E3}.Release|Any CPU.Build.0 = Release|Any CPU
		{73B3E927-672B-477D-A949-A812471446F0}.Debug|Any CPU.ActiveCfg = Debug|Any CPU
		{73B3E927-672B-477D-A949-A812471446F0}.Debug|Any CPU.Build.0 = Debug|Any CPU
		{73B3E927-672B-477D-A949-A812471446F0}.Release|Any CPU.ActiveCfg = Release|Any CPU
		{73B3E927-672B-477D-A949-A812471446F0}.Release|Any CPU.Build.0 = Release|Any CPU
		{58803A75-ED89-4EE1-A4B3-CBFBC218B01F}.Debug|Any CPU.ActiveCfg = Debug|Any CPU
		{58803A75-ED89-4EE1-A4B3-CBFBC218B01F}.Debug|Any CPU.Build.0 = Debug|Any CPU
		{58803A75-ED89-4EE1-A4B3-CBFBC218B01F}.Release|Any CPU.ActiveCfg = Release|Any CPU
		{58803A75-ED89-4EE1-A4B3-CBFBC218B01F}.Release|Any CPU.Build.0 = Release|Any CPU
		{7101EE04-201F-49D6-AD2B-0B7F8CD51ED8}.Debug|Any CPU.ActiveCfg = Debug|Any CPU
		{7101EE04-201F-49D6-AD2B-0B7F8CD51ED8}.Debug|Any CPU.Build.0 = Debug|Any CPU
		{7101EE04-201F-49D6-AD2B-0B7F8CD51ED8}.Release|Any CPU.ActiveCfg = Release|Any CPU
		{7101EE04-201F-49D6-AD2B-0B7F8CD51ED8}.Release|Any CPU.Build.0 = Release|Any CPU
		{42E51666-8991-454F-B0E0-85BE92A9BE89}.Debug|Any CPU.ActiveCfg = Debug|Any CPU
		{42E51666-8991-454F-B0E0-85BE92A9BE89}.Debug|Any CPU.Build.0 = Debug|Any CPU
		{42E51666-8991-454F-B0E0-85BE92A9BE89}.Release|Any CPU.ActiveCfg = Release|Any CPU
		{42E51666-8991-454F-B0E0-85BE92A9BE89}.Release|Any CPU.Build.0 = Release|Any CPU
		{B760E193-6D06-4E65-A49B-419A74A1D276}.Debug|Any CPU.ActiveCfg = Debug|Any CPU
		{B760E193-6D06-4E65-A49B-419A74A1D276}.Debug|Any CPU.Build.0 = Debug|Any CPU
		{B760E193-6D06-4E65-A49B-419A74A1D276}.Release|Any CPU.ActiveCfg = Release|Any CPU
		{B760E193-6D06-4E65-A49B-419A74A1D276}.Release|Any CPU.Build.0 = Release|Any CPU
		{D892C7BF-36A8-45A4-B5D0-AF07C45BD1B5}.Debug|Any CPU.ActiveCfg = Debug|Any CPU
		{D892C7BF-36A8-45A4-B5D0-AF07C45BD1B5}.Debug|Any CPU.Build.0 = Debug|Any CPU
		{D892C7BF-36A8-45A4-B5D0-AF07C45BD1B5}.Release|Any CPU.ActiveCfg = Release|Any CPU
		{D892C7BF-36A8-45A4-B5D0-AF07C45BD1B5}.Release|Any CPU.Build.0 = Release|Any CPU
		{77382DCA-4E72-49C4-B020-FD6C2B8BF256}.Debug|Any CPU.ActiveCfg = Debug|Any CPU
		{77382DCA-4E72-49C4-B020-FD6C2B8BF256}.Debug|Any CPU.Build.0 = Debug|Any CPU
		{77382DCA-4E72-49C4-B020-FD6C2B8BF256}.Release|Any CPU.ActiveCfg = Release|Any CPU
		{77382DCA-4E72-49C4-B020-FD6C2B8BF256}.Release|Any CPU.Build.0 = Release|Any CPU
		{A42DF282-D83D-457F-B9BF-13AE643EE930}.Debug|Any CPU.ActiveCfg = Debug|Any CPU
		{A42DF282-D83D-457F-B9BF-13AE643EE930}.Debug|Any CPU.Build.0 = Debug|Any CPU
		{A42DF282-D83D-457F-B9BF-13AE643EE930}.Release|Any CPU.ActiveCfg = Release|Any CPU
		{A42DF282-D83D-457F-B9BF-13AE643EE930}.Release|Any CPU.Build.0 = Release|Any CPU
		{E1D2B688-EA41-475C-8F85-C21B2A34F9F0}.Debug|Any CPU.ActiveCfg = Debug|Any CPU
		{E1D2B688-EA41-475C-8F85-C21B2A34F9F0}.Debug|Any CPU.Build.0 = Debug|Any CPU
		{E1D2B688-EA41-475C-8F85-C21B2A34F9F0}.Release|Any CPU.ActiveCfg = Release|Any CPU
		{E1D2B688-EA41-475C-8F85-C21B2A34F9F0}.Release|Any CPU.Build.0 = Release|Any CPU
		{865AA925-34B8-48E7-9D5E-9731D1041104}.Debug|Any CPU.ActiveCfg = Debug|Any CPU
		{865AA925-34B8-48E7-9D5E-9731D1041104}.Debug|Any CPU.Build.0 = Debug|Any CPU
		{865AA925-34B8-48E7-9D5E-9731D1041104}.Release|Any CPU.ActiveCfg = Release|Any CPU
		{865AA925-34B8-48E7-9D5E-9731D1041104}.Release|Any CPU.Build.0 = Release|Any CPU
		{2F6AC379-281B-4477-9D01-1A2903785400}.Debug|Any CPU.ActiveCfg = Debug|Any CPU
		{2F6AC379-281B-4477-9D01-1A2903785400}.Debug|Any CPU.Build.0 = Debug|Any CPU
		{2F6AC379-281B-4477-9D01-1A2903785400}.Release|Any CPU.ActiveCfg = Release|Any CPU
		{2F6AC379-281B-4477-9D01-1A2903785400}.Release|Any CPU.Build.0 = Release|Any CPU
		{78CD6646-82EA-4A44-9EBF-AFBD163E3A7A}.Debug|Any CPU.ActiveCfg = Debug|Any CPU
		{78CD6646-82EA-4A44-9EBF-AFBD163E3A7A}.Debug|Any CPU.Build.0 = Debug|Any CPU
		{78CD6646-82EA-4A44-9EBF-AFBD163E3A7A}.Release|Any CPU.ActiveCfg = Release|Any CPU
		{78CD6646-82EA-4A44-9EBF-AFBD163E3A7A}.Release|Any CPU.Build.0 = Release|Any CPU
		{B94A7111-9C75-464A-ACBC-B3AE5A9EE2A5}.Debug|Any CPU.ActiveCfg = Debug|Any CPU
		{B94A7111-9C75-464A-ACBC-B3AE5A9EE2A5}.Debug|Any CPU.Build.0 = Debug|Any CPU
		{B94A7111-9C75-464A-ACBC-B3AE5A9EE2A5}.Release|Any CPU.ActiveCfg = Release|Any CPU
		{B94A7111-9C75-464A-ACBC-B3AE5A9EE2A5}.Release|Any CPU.Build.0 = Release|Any CPU
		{B50171D4-2391-4634-B41A-2A1EFF1A387D}.Debug|Any CPU.ActiveCfg = Debug|Any CPU
		{B50171D4-2391-4634-B41A-2A1EFF1A387D}.Debug|Any CPU.Build.0 = Debug|Any CPU
		{B50171D4-2391-4634-B41A-2A1EFF1A387D}.Release|Any CPU.ActiveCfg = Release|Any CPU
		{B50171D4-2391-4634-B41A-2A1EFF1A387D}.Release|Any CPU.Build.0 = Release|Any CPU
		{3822C09E-F4E7-49F3-B78F-44D95AFF3E9D}.Debug|Any CPU.ActiveCfg = Debug|Any CPU
		{3822C09E-F4E7-49F3-B78F-44D95AFF3E9D}.Debug|Any CPU.Build.0 = Debug|Any CPU
		{3822C09E-F4E7-49F3-B78F-44D95AFF3E9D}.Release|Any CPU.ActiveCfg = Release|Any CPU
		{3822C09E-F4E7-49F3-B78F-44D95AFF3E9D}.Release|Any CPU.Build.0 = Release|Any CPU
		{EC1053F0-217B-4FDA-B0E6-008F40B1F764}.Debug|Any CPU.ActiveCfg = Debug|Any CPU
		{EC1053F0-217B-4FDA-B0E6-008F40B1F764}.Debug|Any CPU.Build.0 = Debug|Any CPU
		{EC1053F0-217B-4FDA-B0E6-008F40B1F764}.Release|Any CPU.ActiveCfg = Release|Any CPU
		{EC1053F0-217B-4FDA-B0E6-008F40B1F764}.Release|Any CPU.Build.0 = Release|Any CPU
		{7E300C31-3466-4072-9977-3852E227E52A}.Debug|Any CPU.ActiveCfg = Debug|Any CPU
		{7E300C31-3466-4072-9977-3852E227E52A}.Debug|Any CPU.Build.0 = Debug|Any CPU
		{7E300C31-3466-4072-9977-3852E227E52A}.Release|Any CPU.ActiveCfg = Release|Any CPU
		{7E300C31-3466-4072-9977-3852E227E52A}.Release|Any CPU.Build.0 = Release|Any CPU
		{641FA5CA-6274-4900-9F13-95F5110B4552}.Debug|Any CPU.ActiveCfg = Debug|Any CPU
		{641FA5CA-6274-4900-9F13-95F5110B4552}.Debug|Any CPU.Build.0 = Debug|Any CPU
		{641FA5CA-6274-4900-9F13-95F5110B4552}.Release|Any CPU.ActiveCfg = Release|Any CPU
		{641FA5CA-6274-4900-9F13-95F5110B4552}.Release|Any CPU.Build.0 = Release|Any CPU
	EndGlobalSection
	GlobalSection(NestedProjects) = preSolution
		{BBF06876-BBF8-4115-A47E-41C359B06338} = {454B3009-CC87-478E-8542-3288A3F45D8E}
		{4F63ED10-60A2-493A-9E7E-11238F544651} = {454B3009-CC87-478E-8542-3288A3F45D8E}
		{1AB8F9CE-7CEC-4721-A49B-DA5697F69503} = {454B3009-CC87-478E-8542-3288A3F45D8E}
		{49650BBE-2EF0-4572-94DA-68FDF3C280B6} = {454B3009-CC87-478E-8542-3288A3F45D8E}
		{A79705A0-5BC6-4E4E-B0B2-12FCAA826626} = {454B3009-CC87-478E-8542-3288A3F45D8E}
		{2F1655B4-7194-42CF-AE44-C75F1FD2B553} = {454B3009-CC87-478E-8542-3288A3F45D8E}
		{5A5151D0-CE4F-461D-AB5C-8F5FAAFDA622} = {454B3009-CC87-478E-8542-3288A3F45D8E}
		{6063977B-3A78-4951-90C6-1C08D0380F2A} = {454B3009-CC87-478E-8542-3288A3F45D8E}
		{7A8A0CB4-11CC-4748-81C9-5DCD8CD4ED65} = {454B3009-CC87-478E-8542-3288A3F45D8E}
		{8C2A4D7B-4FC2-445A-8526-FBC85D6814B3} = {454B3009-CC87-478E-8542-3288A3F45D8E}
		{5FD80D82-501E-476E-8807-B8BBED71E247} = {454B3009-CC87-478E-8542-3288A3F45D8E}
		{D71BD0CA-FE7B-4A08-99E7-9848538A37D3} = {454B3009-CC87-478E-8542-3288A3F45D8E}
		{55B08427-9EB1-4E6A-8E83-4E13B6E2E497} = {454B3009-CC87-478E-8542-3288A3F45D8E}
		{2885E3AA-6E6D-4AC4-B4E8-5F5D5B71A796} = {454B3009-CC87-478E-8542-3288A3F45D8E}
		{8B61FF58-1219-42A3-AF0B-07D7E03724D6} = {454B3009-CC87-478E-8542-3288A3F45D8E}
		{F15CF86E-8924-46AE-8127-0916206BE796} = {454B3009-CC87-478E-8542-3288A3F45D8E}
		{AC3F30BA-5C94-49EA-A0BA-5CA0D5900C14} = {454B3009-CC87-478E-8542-3288A3F45D8E}
		{834A00B5-6ED1-44BE-ABC7-4F6D85E96CC5} = {454B3009-CC87-478E-8542-3288A3F45D8E}
		{07B8B3F2-D77D-4A4D-A6C3-33E442C2EAA5} = {454B3009-CC87-478E-8542-3288A3F45D8E}
		{02489C85-01D1-4C90-A41B-6F1FCA08E4F0} = {454B3009-CC87-478E-8542-3288A3F45D8E}
		{98E15674-E8BB-4732-BA84-4C8D440FF28D} = {454B3009-CC87-478E-8542-3288A3F45D8E}
		{3D5F8583-2FF6-4A74-9E36-80630C978E1D} = {454B3009-CC87-478E-8542-3288A3F45D8E}
		{C801AA46-41E0-4A51-886B-351F6AEBE57C} = {454B3009-CC87-478E-8542-3288A3F45D8E}
		{4E0EAC64-EEA2-41A2-AEAB-7AB00624EC61} = {454B3009-CC87-478E-8542-3288A3F45D8E}
		{7B44296C-E8C2-47BA-B6CC-50F48C0903BF} = {454B3009-CC87-478E-8542-3288A3F45D8E}
		{9951445F-F1C0-46A3-B370-B6899498D8C6} = {454B3009-CC87-478E-8542-3288A3F45D8E}
		{50C9A362-1F6A-4328-8DFD-124B720B6773} = {454B3009-CC87-478E-8542-3288A3F45D8E}
		{9A3B0F12-E874-4909-B8C0-68F08FDA818F} = {454B3009-CC87-478E-8542-3288A3F45D8E}
		{0F0E68DB-E090-4800-B497-FA57F1A4F438} = {454B3009-CC87-478E-8542-3288A3F45D8E}
		{747BDA6A-06A0-4DBD-9B3F-64A416D763C8} = {454B3009-CC87-478E-8542-3288A3F45D8E}
		{AFDE4F4B-7E3A-4F3F-9447-15735DFD8816} = {454B3009-CC87-478E-8542-3288A3F45D8E}
		{D99E66C0-666B-41E1-AC77-51BAA00213CD} = {454B3009-CC87-478E-8542-3288A3F45D8E}
		{EA5AD9FB-2F6C-430C-B1B9-8A1FD5A4264D} = {454B3009-CC87-478E-8542-3288A3F45D8E}
		{AFB6DF5A-2B33-4274-B349-8E5FC0D5CA96} = {454B3009-CC87-478E-8542-3288A3F45D8E}
		{7DD90455-77DB-4BF7-8FD4-AA75463E5EA3} = {454B3009-CC87-478E-8542-3288A3F45D8E}
		{A651F473-DDDE-4433-889A-55EA3C3B25E3} = {454B3009-CC87-478E-8542-3288A3F45D8E}
		{73B3E927-672B-477D-A949-A812471446F0} = {454B3009-CC87-478E-8542-3288A3F45D8E}
		{58803A75-ED89-4EE1-A4B3-CBFBC218B01F} = {454B3009-CC87-478E-8542-3288A3F45D8E}
		{7101EE04-201F-49D6-AD2B-0B7F8CD51ED8} = {454B3009-CC87-478E-8542-3288A3F45D8E}
		{42E51666-8991-454F-B0E0-85BE92A9BE89} = {454B3009-CC87-478E-8542-3288A3F45D8E}
		{B760E193-6D06-4E65-A49B-419A74A1D276} = {1F64683E-F076-4209-BC61-B11C03D879AB}
		{D892C7BF-36A8-45A4-B5D0-AF07C45BD1B5} = {1F64683E-F076-4209-BC61-B11C03D879AB}
		{77382DCA-4E72-49C4-B020-FD6C2B8BF256} = {1F64683E-F076-4209-BC61-B11C03D879AB}
		{A42DF282-D83D-457F-B9BF-13AE643EE930} = {1F64683E-F076-4209-BC61-B11C03D879AB}
		{E1D2B688-EA41-475C-8F85-C21B2A34F9F0} = {1F64683E-F076-4209-BC61-B11C03D879AB}
		{865AA925-34B8-48E7-9D5E-9731D1041104} = {1F64683E-F076-4209-BC61-B11C03D879AB}
		{2F6AC379-281B-4477-9D01-1A2903785400} = {1F64683E-F076-4209-BC61-B11C03D879AB}
		{78CD6646-82EA-4A44-9EBF-AFBD163E3A7A} = {1F64683E-F076-4209-BC61-B11C03D879AB}
		{B94A7111-9C75-464A-ACBC-B3AE5A9EE2A5} = {1F64683E-F076-4209-BC61-B11C03D879AB}
		{B50171D4-2391-4634-B41A-2A1EFF1A387D} = {1F64683E-F076-4209-BC61-B11C03D879AB}
		{3822C09E-F4E7-49F3-B78F-44D95AFF3E9D} = {1F64683E-F076-4209-BC61-B11C03D879AB}
		{EC1053F0-217B-4FDA-B0E6-008F40B1F764} = {1F64683E-F076-4209-BC61-B11C03D879AB}
		{7E300C31-3466-4072-9977-3852E227E52A} = {1F64683E-F076-4209-BC61-B11C03D879AB}
		{641FA5CA-6274-4900-9F13-95F5110B4552} = {1F64683E-F076-4209-BC61-B11C03D879AB}
	EndGlobalSection
EndGlobal
